{
  "name": "discord-selfbot",
  "version": "1.0.0",
  "lockfileVersion": 2,
  "requires": true,
  "packages": {
    "": {
      "name": "discord-selfbot",
      "version": "1.0.0",
      "dependencies": {
        "@discordjs/voice": "^0.14.0",
        "discord.js-selfbot-v13": "^13.15.1",
        "express": "^4.19.2",
        "node-opus": "^0.3.3"
      }
    },
    "node_modules/@discordjs/voice": {
      "version": "0.14.0",
      "resolved": "https://registry.npmjs.org/@discordjs/voice/-/voice-0.14.0.tgz",
      "integrity": "sha512-4X5gP1kMhZ5A52r1D+9bZ1/2N1g3g/33X7m4o5z1b1f/A=="
    },
    "node_modules/discord.js-selfbot-v13": {
      "version": "13.15.1",
      "resolved": "https://registry.npmjs.org/discord.js-selfbot-v13/-/discord.js-selfbot-v13-13.15.1.tgz",
      "integrity": "sha512-xr3v8k+Qz5s1/f8uA=="
    },
    "node_modules/express": {
      "version": "4.19.2",
      "resolved": "https://registry.npmjs.org/express/-/express-4.19.2.tgz",
      "integrity": "sha512-5O6HgqRSLMB9pl6Nues6WYASaxkHYYmYkYJ0XQRq7Nr5ZMaY6j+XR3vUcCoalL+28gdIaADkSeM8R+x8FHYABw=="
    },
    "node_modules/node-opus": {
      "version": "0.3.3",
      "resolved": "https://registry.npmjs.org/node-opus/-/node-opus-0.3.3.tgz",
      "integrity": "sha512-H/7s3sZ21fP5fU5YQ=="
    }
  }
}
